
Microsoft Visual Studio Solution File, Format Version 12.00
Project("{FAE04EC0-301F-11D3-BF4B-00C04F79EFBC}") = "SoftwareRenderer", "SoftwareRenderer\SoftwareRenderer.csproj", "{B4FA31DC-BF00-464A-B456-7E908E79B82E}"
EndProject
Project("{FAE04EC0-301F-11D3-BF4B-00C04F79EFBC}") = "TestSoftRender", "TestSoftRender\TestSoftRender.csproj", "{588C4E19-AD5C-4021-9C69-0DAD16B92728}"
EndProject
Project("{FAE04EC0-301F-11D3-BF4B-00C04F79EFBC}") = "MathLib", "MathLib\MathLib.csproj", "{D6E3525B-06B0-4182-82A4-841A76202A1A}"
EndProject
Global
	GlobalSection(SolutionConfigurationPlatforms) = preSolution
		Debug|Any CPU = Debug|Any CPU
		Release|Any CPU = Release|Any CPU
	EndGlobalSection
	GlobalSection(ProjectConfigurationPlatforms) = postSolution
		{B4FA31DC-BF00-464A-B456-7E908E79B82E}.Debug|Any CPU.ActiveCfg = Debug|Any CPU
		{B4FA31DC-BF00-464A-B456-7E908E79B82E}.Debug|Any CPU.Build.0 = Debug|Any CPU
		{B4FA31DC-BF00-464A-B456-7E908E79B82E}.Release|Any CPU.ActiveCfg = Release|Any CPU
		{B4FA31DC-BF00-464A-B456-7E908E79B82E}.Release|Any CPU.Build.0 = Release|Any CPU
		{588C4E19-AD5C-4021-9C69-0DAD16B92728}.Debug|Any CPU.ActiveCfg = Debug|Any CPU
		{588C4E19-AD5C-4021-9C69-0DAD16B92728}.Debug|Any CPU.Build.0 = Debug|Any CPU
		{588C4E19-AD5C-4021-9C69-0DAD16B92728}.Release|Any CPU.ActiveCfg = Release|Any CPU
		{588C4E19-AD5C-4021-9C69-0DAD16B92728}.Release|Any CPU.Build.0 = Release|Any CPU
		{D6E3525B-06B0-4182-82A4-841A76202A1A}.Debug|Any CPU.ActiveCfg = Debug|Any CPU
		{D6E3525B-06B0-4182-82A4-841A76202A1A}.Debug|Any CPU.Build.0 = Debug|Any CPU
		{D6E3525B-06B0-4182-82A4-841A76202A1A}.Release|Any CPU.ActiveCfg = Release|Any CPU
		{D6E3525B-06B0-4182-82A4-841A76202A1A}.Release|Any CPU.Build.0 = Release|Any CPU
	EndGlobalSection
EndGlobal
