<?xml version="1.0" encoding="UTF-8"?>
<Scheme
   version = "1.3">
   <BuildAction>
      <BuildActionEntries>
         <BuildActionEntry
            buildForRunning = "YES">
            <BuildableReference
               BuildableIdentifier = "primary"
               BlueprintIdentifier = "45585ADEEF3757A606F983AC"
               BuildableName = "MetalRenderer.app"
               BlueprintName = "MetalRenderer (iOS)"
               ReferencedContainer = "container:MetalRenderer.xcodeproj">
            </BuildableReference>
         </BuildActionEntry>
      </BuildActionEntries>
   </BuildAction>
   <LaunchAction
      useCustomWorkingDirectory = "NO"
      buildConfiguration = "Debug"
      allowLocationSimulation = "YES">
      <BuildableProductRunnable>
         <BuildableReference
            BuildableIdentifier = "primary"
            BlueprintIdentifier = "45585ADEEF3757A606F983AC"
            BuildableName = "MetalRenderer.app"
            BlueprintName = "MetalRenderer (iOS)"
            ReferencedContainer = "container:MetalRenderer.xcodeproj">
         </BuildableReference>
      </BuildableProductRunnable>
   </LaunchAction>
</Scheme>
