
Microsoft Visual Studio Solution File, Format Version 12.00
# Visual Studio Version 16
VisualStudioVersion = 16.0.30907.101
MinimumVisualStudioVersion = 10.0.40219.1
Project("{FAE04EC0-301F-11D3-BF4B-00C04F79EFBC}") = "RayTraycingInOneWeek", "RayTraycingInOneWeek\RayTraycingInOneWeek.csproj", "{7681B073-8381-49AE-8B4B-5A0549B571A3}"
EndProject
Global
	GlobalSection(SolutionConfigurationPlatforms) = preSolution
		Debug|Any CPU = Debug|Any CPU
		Release|Any CPU = Release|Any CPU
	EndGlobalSection
	GlobalSection(ProjectConfigurationPlatforms) = postSolution
		{7681B073-8381-49AE-8B4B-5A0549B571A3}.Debug|Any CPU.ActiveCfg = Debug|Any CPU
		{7681B073-8381-49AE-8B4B-5A0549B571A3}.Debug|Any CPU.Build.0 = Debug|Any CPU
		{7681B073-8381-49AE-8B4B-5A0549B571A3}.Release|Any CPU.ActiveCfg = Release|Any CPU
		{7681B073-8381-49AE-8B4B-5A0549B571A3}.Release|Any CPU.Build.0 = Release|Any CPU
	EndGlobalSection
	GlobalSection(SolutionProperties) = preSolution
		HideSolutionNode = FALSE
	EndGlobalSection
	GlobalSection(ExtensibilityGlobals) = postSolution
		SolutionGuid = {FC6021D9-5055-42B7-B9CF-EC2A68DB00E8}
	EndGlobalSection
EndGlobal
