
Microsoft Visual Studio Solution File, Format Version 12.00
# Visual Studio Version 16
VisualStudioVersion = 16.0.31410.357
MinimumVisualStudioVersion = 10.0.40219.1
Project("{FAE04EC0-301F-11D3-BF4B-00C04F79EFBC}") = "DotNetExporter", "DotNetExporter\DotNetExporter.csproj", "{6A02B1B9-FBFB-4B76-90C5-9F237A36A358}"
EndProject
Global
	GlobalSection(SolutionConfigurationPlatforms) = preSolution
		Debug|Any CPU = Debug|Any CPU
		Release|Any CPU = Release|Any CPU
	EndGlobalSection
	GlobalSection(ProjectConfigurationPlatforms) = postSolution
		{6A02B1B9-FBFB-4B76-90C5-9F237A36A358}.Debug|Any CPU.ActiveCfg = Debug|Any CPU
		{6A02B1B9-FBFB-4B76-90C5-9F237A36A358}.Debug|Any CPU.Build.0 = Debug|Any CPU
		{6A02B1B9-FBFB-4B76-90C5-9F237A36A358}.Release|Any CPU.ActiveCfg = Release|Any CPU
		{6A02B1B9-FBFB-4B76-90C5-9F237A36A358}.Release|Any CPU.Build.0 = Release|Any CPU
	EndGlobalSection
	GlobalSection(SolutionProperties) = preSolution
		HideSolutionNode = FALSE
	EndGlobalSection
	GlobalSection(ExtensibilityGlobals) = postSolution
		SolutionGuid = {479B2BCB-C2E5-4CE1-B6A3-22970737B41E}
	EndGlobalSection
EndGlobal
